
Microsoft Visual Studio Solution File, Format Version 12.00
# Visual Studio Version 17
VisualStudioVersion = 17.4.33110.190
MinimumVisualStudioVersion = 10.0.40219.1
Project("{FAE04EC0-301F-11D3-BF4B-00C04F79EFBC}") = "DemandaDiaria", "DemandaDiaria\DemandaDiaria.csproj", "{352B6936-CF3D-406E-9523-9232E38BD52F}"
EndProject
Global
	GlobalSection(SolutionConfigurationPlatforms) = preSolution
		Debug|Any CPU = Debug|Any CPU
		Release|Any CPU = Release|Any CPU
	EndGlobalSection
	GlobalSection(ProjectConfigurationPlatforms) = postSolution
		{352B6936-CF3D-406E-9523-9232E38BD52F}.Debug|Any CPU.ActiveCfg = Debug|Any CPU
		{352B6936-CF3D-406E-9523-9232E38BD52F}.Debug|Any CPU.Build.0 = Debug|Any CPU
		{352B6936-CF3D-406E-9523-9232E38BD52F}.Release|Any CPU.ActiveCfg = Release|Any CPU
		{352B6936-CF3D-406E-9523-9232E38BD52F}.Release|Any CPU.Build.0 = Release|Any CPU
	EndGlobalSection
	GlobalSection(SolutionProperties) = preSolution
		HideSolutionNode = FALSE
	EndGlobalSection
	GlobalSection(ExtensibilityGlobals) = postSolution
		SolutionGuid = {C23CC204-D54C-46D9-B945-631A60846358}
	EndGlobalSection
EndGlobal
